
Microsoft Visual Studio Solution File, Format Version 12.00
# Visual Studio Version 16
VisualStudioVersion = 25.0.1700.0
MinimumVisualStudioVersion = 10.0.40219.1
Project("{FAE04EC0-301F-11D3-BF4B-00C04F79EFBC}") = "MadWorld.API", "MadWorld.API\MadWorld.API.csproj", "{7F2BCF7D-A253-49A4-80B6-C8F5A05B1069}"
EndProject
Project("{FAE04EC0-301F-11D3-BF4B-00C04F79EFBC}") = "MadWorld.Website", "MadWorld.Website\MadWorld.Website.csproj", "{A9044F83-A97B-4155-8613-B6A03F9B68BB}"
EndProject
Project("{FAE04EC0-301F-11D3-BF4B-00C04F79EFBC}") = "MadWorld.Shared", "MadWorld.Shared\MadWorld.Shared.csproj", "{A26A60E3-810E-4400-9AED-CF27B9A470F0}"
EndProject
Project("{FAE04EC0-301F-11D3-BF4B-00C04F79EFBC}") = "MadWorld.API.Anonymous", "MadWorld.API.Anonymous\MadWorld.API.Anonymous.csproj", "{FAACDF34-8868-4692-9812-2A43A5EBE11D}"
EndProject
Project("{FAE04EC0-301F-11D3-BF4B-00C04F79EFBC}") = "MadWorld.Business", "MadWorld.Business\MadWorld.Business.csproj", "{C2E63B49-AC81-41F7-8FB0-0CA23737E68B}"
EndProject
Project("{FAE04EC0-301F-11D3-BF4B-00C04F79EFBC}") = "MadWorld.Data", "MadWorld.Data\MadWorld.Data.csproj", "{855DA2FE-8F33-4686-88CB-1E7460B746F4}"
EndProject
Project("{FAE04EC0-301F-11D3-BF4B-00C04F79EFBC}") = "MadWorld.Functions.Common", "MadWorld.Functions.Common\MadWorld.Functions.Common.csproj", "{135125AF-C46B-4584-9658-F1E1F6EAC5AD}"
EndProject
Project("{FAE04EC0-301F-11D3-BF4B-00C04F79EFBC}") = "MadWorld.Console", "MadWorld.Console\MadWorld.Console.csproj", "{4FBF2328-5586-4105-8C79-214DC84AB9F6}"
EndProject
Project("{2150E333-8FDC-42A3-9474-1A3956D46DE8}") = "MadWorld.Blazor.Componets", "MadWorld.Blazor.Componets", "{E1AA5916-5A52-4DD9-91E0-1C6374B9C834}"
EndProject
Project("{FAE04EC0-301F-11D3-BF4B-00C04F79EFBC}") = "MadWorld.Blazor.Componets.Monaco", "MadWorld.Blazor.Componets.Monaco\MadWorld.Blazor.Componets.Monaco.csproj", "{52F75551-368B-4053-810C-C4EBEF719C23}"
EndProject
Global
	GlobalSection(SolutionConfigurationPlatforms) = preSolution
		Debug|Any CPU = Debug|Any CPU
		Release|Any CPU = Release|Any CPU
	EndGlobalSection
	GlobalSection(ProjectConfigurationPlatforms) = postSolution
		{7F2BCF7D-A253-49A4-80B6-C8F5A05B1069}.Debug|Any CPU.ActiveCfg = Debug|Any CPU
		{7F2BCF7D-A253-49A4-80B6-C8F5A05B1069}.Debug|Any CPU.Build.0 = Debug|Any CPU
		{7F2BCF7D-A253-49A4-80B6-C8F5A05B1069}.Release|Any CPU.ActiveCfg = Release|Any CPU
		{7F2BCF7D-A253-49A4-80B6-C8F5A05B1069}.Release|Any CPU.Build.0 = Release|Any CPU
		{A9044F83-A97B-4155-8613-B6A03F9B68BB}.Debug|Any CPU.ActiveCfg = Debug|Any CPU
		{A9044F83-A97B-4155-8613-B6A03F9B68BB}.Debug|Any CPU.Build.0 = Debug|Any CPU
		{A9044F83-A97B-4155-8613-B6A03F9B68BB}.Release|Any CPU.ActiveCfg = Release|Any CPU
		{A9044F83-A97B-4155-8613-B6A03F9B68BB}.Release|Any CPU.Build.0 = Release|Any CPU
		{A26A60E3-810E-4400-9AED-CF27B9A470F0}.Debug|Any CPU.ActiveCfg = Debug|Any CPU
		{A26A60E3-810E-4400-9AED-CF27B9A470F0}.Debug|Any CPU.Build.0 = Debug|Any CPU
		{A26A60E3-810E-4400-9AED-CF27B9A470F0}.Release|Any CPU.ActiveCfg = Release|Any CPU
		{A26A60E3-810E-4400-9AED-CF27B9A470F0}.Release|Any CPU.Build.0 = Release|Any CPU
		{FAACDF34-8868-4692-9812-2A43A5EBE11D}.Debug|Any CPU.ActiveCfg = Debug|Any CPU
		{FAACDF34-8868-4692-9812-2A43A5EBE11D}.Debug|Any CPU.Build.0 = Debug|Any CPU
		{FAACDF34-8868-4692-9812-2A43A5EBE11D}.Release|Any CPU.ActiveCfg = Release|Any CPU
		{FAACDF34-8868-4692-9812-2A43A5EBE11D}.Release|Any CPU.Build.0 = Release|Any CPU
		{C2E63B49-AC81-41F7-8FB0-0CA23737E68B}.Debug|Any CPU.ActiveCfg = Debug|Any CPU
		{C2E63B49-AC81-41F7-8FB0-0CA23737E68B}.Debug|Any CPU.Build.0 = Debug|Any CPU
		{C2E63B49-AC81-41F7-8FB0-0CA23737E68B}.Release|Any CPU.ActiveCfg = Release|Any CPU
		{C2E63B49-AC81-41F7-8FB0-0CA23737E68B}.Release|Any CPU.Build.0 = Release|Any CPU
		{855DA2FE-8F33-4686-88CB-1E7460B746F4}.Debug|Any CPU.ActiveCfg = Debug|Any CPU
		{855DA2FE-8F33-4686-88CB-1E7460B746F4}.Debug|Any CPU.Build.0 = Debug|Any CPU
		{855DA2FE-8F33-4686-88CB-1E7460B746F4}.Release|Any CPU.ActiveCfg = Release|Any CPU
		{855DA2FE-8F33-4686-88CB-1E7460B746F4}.Release|Any CPU.Build.0 = Release|Any CPU
		{135125AF-C46B-4584-9658-F1E1F6EAC5AD}.Debug|Any CPU.ActiveCfg = Debug|Any CPU
		{135125AF-C46B-4584-9658-F1E1F6EAC5AD}.Debug|Any CPU.Build.0 = Debug|Any CPU
		{135125AF-C46B-4584-9658-F1E1F6EAC5AD}.Release|Any CPU.ActiveCfg = Release|Any CPU
		{135125AF-C46B-4584-9658-F1E1F6EAC5AD}.Release|Any CPU.Build.0 = Release|Any CPU
		{4FBF2328-5586-4105-8C79-214DC84AB9F6}.Debug|Any CPU.ActiveCfg = Debug|Any CPU
		{4FBF2328-5586-4105-8C79-214DC84AB9F6}.Debug|Any CPU.Build.0 = Debug|Any CPU
		{4FBF2328-5586-4105-8C79-214DC84AB9F6}.Release|Any CPU.ActiveCfg = Release|Any CPU
		{4FBF2328-5586-4105-8C79-214DC84AB9F6}.Release|Any CPU.Build.0 = Release|Any CPU
		{52F75551-368B-4053-810C-C4EBEF719C23}.Debug|Any CPU.ActiveCfg = Debug|Any CPU
		{52F75551-368B-4053-810C-C4EBEF719C23}.Debug|Any CPU.Build.0 = Debug|Any CPU
		{52F75551-368B-4053-810C-C4EBEF719C23}.Release|Any CPU.ActiveCfg = Release|Any CPU
		{52F75551-368B-4053-810C-C4EBEF719C23}.Release|Any CPU.Build.0 = Release|Any CPU
	EndGlobalSection
	GlobalSection(SolutionProperties) = preSolution
		HideSolutionNode = FALSE
	EndGlobalSection
	GlobalSection(ExtensibilityGlobals) = postSolution
		SolutionGuid = {451A5F6A-EF93-46B7-93C6-739BE812E1CE}
	EndGlobalSection
	GlobalSection(NestedProjects) = preSolution
		{52F75551-368B-4053-810C-C4EBEF719C23} = {E1AA5916-5A52-4DD9-91E0-1C6374B9C834}
	EndGlobalSection
EndGlobal
